# @generated - this file is auto-generated by `mise lock` https://mise.en.dev/dev-tools/mise-lock.html

[[tools.actionlint]]
version = "1.7.12"
backend = "aqua:rhysd/actionlint"

[tools.actionlint."platforms.linux-x64"]
checksum = "sha256:8aca8db96f1b94770f1b0d72b6dddcb1ebb8123cb3712530b08cc387b349a3d8"
url = "https://github.com/rhysd/actionlint/releases/download/v1.7.12/actionlint_1.7.12_linux_amd64.tar.gz"
provenance = "github-attestations"

[tools.actionlint."platforms.macos-arm64"]
checksum = "sha256:aba9ced2dee8d27fecca3dc7feb1a7f9a52caefa1eb46f3271ea66b6e0e6953f"
url = "https://github.com/rhysd/actionlint/releases/download/v1.7.12/actionlint_1.7.12_darwin_arm64.tar.gz"
provenance = "github-attestations"

[tools.actionlint."platforms.windows-x64"]
checksum = "sha256:6e7241b51e6817ea6a047693d8e6fed13b31819c9a0dd6c5a726e1592d22f6e9"
url = "https://github.com/rhysd/actionlint/releases/download/v1.7.12/actionlint_1.7.12_windows_amd64.zip"
provenance = "github-attestations"

[[tools.node]]
version = "24.18.0"
backend = "core:node"

[tools.node."platforms.linux-x64"]
checksum = "sha256:783130984963db7ba9cbd01089eaf2c2efb055c7c1693c943174b967b3050cb8"
url = "https://nodejs.org/dist/v24.18.0/node-v24.18.0-linux-x64.tar.gz"

[tools.node."platforms.macos-arm64"]
checksum = "sha256:e1a97e14c99c803e96c7339403282ea05a499c32f8d83defe9ef5ec66f979ed1"
url = "https://nodejs.org/dist/v24.18.0/node-v24.18.0-darwin-arm64.tar.gz"

[tools.node."platforms.windows-x64"]
checksum = "sha256:0ae68406b42d7725661da979b1403ec9926da205c6770827f33aac9d8f26e821"
url = "https://nodejs.org/dist/v24.18.0/node-v24.18.0-win-x64.zip"

[[tools.yarn]]
version = "4.17.0"
backend = "vfox:mise-plugins/vfox-yarn"
